
Microsoft Visual Studio Solution File, Format Version 12.00
# Visual Studio 2013
VisualStudioVersion = 12.0.21005.1
MinimumVisualStudioVersion = 10.0.40219.1
Project("{FAE04EC0-301F-11D3-BF4B-00C04F79EFBC}") = "Teste TableLayouPanel", "Teste TableLayouPanel\Teste TableLayouPanel.csproj", "{7C556E1D-0B8A-44D4-8D6D-D7EE1F384A67}"
EndProject
Global
	GlobalSection(SolutionConfigurationPlatforms) = preSolution
		Debug|Any CPU = Debug|Any CPU
		Release|Any CPU = Release|Any CPU
	EndGlobalSection
	GlobalSection(ProjectConfigurationPlatforms) = postSolution
		{7C556E1D-0B8A-44D4-8D6D-D7EE1F384A67}.Debug|Any CPU.ActiveCfg = Debug|Any CPU
		{7C556E1D-0B8A-44D4-8D6D-D7EE1F384A67}.Debug|Any CPU.Build.0 = Debug|Any CPU
		{7C556E1D-0B8A-44D4-8D6D-D7EE1F384A67}.Release|Any CPU.ActiveCfg = Release|Any CPU
		{7C556E1D-0B8A-44D4-8D6D-D7EE1F384A67}.Release|Any CPU.Build.0 = Release|Any CPU
	EndGlobalSection
	GlobalSection(SolutionProperties) = preSolution
		HideSolutionNode = FALSE
	EndGlobalSection
EndGlobal
